
Microsoft Visual Studio Solution File, Format Version 12.00
# Visual Studio Version 17
VisualStudioVersion = 17.4.33213.308
MinimumVisualStudioVersion = 10.0.40219.1
Project("{9A19103F-16F7-4668-BE54-9A1E7A4F7556}") = "BullkyBookWeb", "BullkiBookWeb\BullkyBookWeb.csproj", "{8B902AA7-6243-44FA-807D-39E5235AB459}"
EndProject
Project("{FAE04EC0-301F-11D3-BF4B-00C04F79EFBC}") = "BullkyBook.DataAccess", "BullkyBook.DataAccess\BullkyBook.DataAccess.csproj", "{93BEA271-F618-4CCB-BE9C-9048CF1BC692}"
EndProject
Project("{FAE04EC0-301F-11D3-BF4B-00C04F79EFBC}") = "BullkyBook.Models", "BullkyBook.Models\BullkyBook.Models.csproj", "{FCEA7D91-C68F-442B-A493-03A41C6594DF}"
EndProject
Project("{FAE04EC0-301F-11D3-BF4B-00C04F79EFBC}") = "BullkyBook.Utility", "BullkyBook.Utility\BullkyBook.Utility.csproj", "{9271CC15-5B53-4AC5-9F65-4300D84442D5}"
EndProject
Global
	GlobalSection(SolutionConfigurationPlatforms) = preSolution
		Debug|Any CPU = Debug|Any CPU
		Release|Any CPU = Release|Any CPU
	EndGlobalSection
	GlobalSection(ProjectConfigurationPlatforms) = postSolution
		{8B902AA7-6243-44FA-807D-39E5235AB459}.Debug|Any CPU.ActiveCfg = Debug|Any CPU
		{8B902AA7-6243-44FA-807D-39E5235AB459}.Debug|Any CPU.Build.0 = Debug|Any CPU
		{8B902AA7-6243-44FA-807D-39E5235AB459}.Release|Any CPU.ActiveCfg = Release|Any CPU
		{8B902AA7-6243-44FA-807D-39E5235AB459}.Release|Any CPU.Build.0 = Release|Any CPU
		{93BEA271-F618-4CCB-BE9C-9048CF1BC692}.Debug|Any CPU.ActiveCfg = Debug|Any CPU
		{93BEA271-F618-4CCB-BE9C-9048CF1BC692}.Debug|Any CPU.Build.0 = Debug|Any CPU
		{93BEA271-F618-4CCB-BE9C-9048CF1BC692}.Release|Any CPU.ActiveCfg = Release|Any CPU
		{93BEA271-F618-4CCB-BE9C-9048CF1BC692}.Release|Any CPU.Build.0 = Release|Any CPU
		{FCEA7D91-C68F-442B-A493-03A41C6594DF}.Debug|Any CPU.ActiveCfg = Debug|Any CPU
		{FCEA7D91-C68F-442B-A493-03A41C6594DF}.Debug|Any CPU.Build.0 = Debug|Any CPU
		{FCEA7D91-C68F-442B-A493-03A41C6594DF}.Release|Any CPU.ActiveCfg = Release|Any CPU
		{FCEA7D91-C68F-442B-A493-03A41C6594DF}.Release|Any CPU.Build.0 = Release|Any CPU
		{9271CC15-5B53-4AC5-9F65-4300D84442D5}.Debug|Any CPU.ActiveCfg = Debug|Any CPU
		{9271CC15-5B53-4AC5-9F65-4300D84442D5}.Debug|Any CPU.Build.0 = Debug|Any CPU
		{9271CC15-5B53-4AC5-9F65-4300D84442D5}.Release|Any CPU.ActiveCfg = Release|Any CPU
		{9271CC15-5B53-4AC5-9F65-4300D84442D5}.Release|Any CPU.Build.0 = Release|Any CPU
	EndGlobalSection
	GlobalSection(SolutionProperties) = preSolution
		HideSolutionNode = FALSE
	EndGlobalSection
	GlobalSection(ExtensibilityGlobals) = postSolution
		SolutionGuid = {482D1126-0070-4821-ADB1-C602A8648F0C}
	EndGlobalSection
EndGlobal
